// !$*UTF8*$!
{
	archiveVersion = 1;
	classes = {
	};
	objectVersion = 56;
	objects = {

/* Begin PBXBuildFile section */
		5A08BE912AC29AFD00E63FC2 /* ItemRow.swift in Sources */ = {isa = PBXBuildFile; fileRef = 5A08BE902AC29AFD00E63FC2 /* ItemRow.swift */; };
		5A4D09792AC3E4090061336F /* ItemDetail.swift in Sources */ = {isa = PBXBuildFile; fileRef = 5A4D09782AC3E4090061336F /* ItemDetail.swift */; };
		5ADF8B6F2AC7FF3C0049D281 /* OrderView.swift in Sources */ = {isa = PBXBuildFile; fileRef = 5ADF8B6E2AC7FF3C0049D281 /* OrderView.swift */; };
		7304FCDD2ABF987800A14DA6 /* iDaneApp.swift in Sources */ = {isa = PBXBuildFile; fileRef = 7304FCDC2ABF987800A14DA6 /* iDaneApp.swift */; };
		7304FCDF2ABF987800A14DA6 /* ContentView.swift in Sources */ = {isa = PBXBuildFile; fileRef = 7304FCDE2ABF987800A14DA6 /* ContentView.swift */; };
		7304FCE12ABF987B00A14DA6 /* Assets.xcassets in Resources */ = {isa = PBXBuildFile; fileRef = 7304FCE02ABF987B00A14DA6 /* Assets.xcassets */; };
		7304FCE42ABF987B00A14DA6 /* Preview Assets.xcassets in Resources */ = {isa = PBXBuildFile; fileRef = 7304FCE32ABF987B00A14DA6 /* Preview Assets.xcassets */; };
		7304FDD52ABF996F00A14DA6 /* Helper.swift in Sources */ = {isa = PBXBuildFile; fileRef = 7304FDD42ABF996F00A14DA6 /* Helper.swift */; };
		7304FDD72ABF997800A14DA6 /* Menu.swift in Sources */ = {isa = PBXBuildFile; fileRef = 7304FDD62ABF997800A14DA6 /* Menu.swift */; };
		7304FDD92ABF998100A14DA6 /* Order.swift in Sources */ = {isa = PBXBuildFile; fileRef = 7304FDD82ABF998100A14DA6 /* Order.swift */; };
		7304FDDB2ABF99A900A14DA6 /* menu.json in Resources */ = {isa = PBXBuildFile; fileRef = 7304FDDA2ABF99A900A14DA6 /* menu.json */; };
		733337E52ACB8E0300BFE3E8 /* MainView.swift in Sources */ = {isa = PBXBuildFile; fileRef = 733337E42ACB8E0300BFE3E8 /* MainView.swift */; };
/* End PBXBuildFile section */

/* Begin PBXFileReference section */
		5A08BE902AC29AFD00E63FC2 /* ItemRow.swift */ = {isa = PBXFileReference; lastKnownFileType = sourcecode.swift; path = ItemRow.swift; sourceTree = "<group>"; };
		5A4D09782AC3E4090061336F /* ItemDetail.swift */ = {isa = PBXFileReference; lastKnownFileType = sourcecode.swift; path = ItemDetail.swift; sourceTree = "<group>"; };
		5ADF8B6E2AC7FF3C0049D281 /* OrderView.swift */ = {isa = PBXFileReference; lastKnownFileType = sourcecode.swift; path = OrderView.swift; sourceTree = "<group>"; };
		7304FCD92ABF987800A14DA6 /* iDane.app */ = {isa = PBXFileReference; explicitFileType = wrapper.application; includeInIndex = 0; path = iDane.app; sourceTree = BUILT_PRODUCTS_DIR; };
		7304FCDC2ABF987800A14DA6 /* iDaneApp.swift */ = {isa = PBXFileReference; lastKnownFileType = sourcecode.swift; path = iDaneApp.swift; sourceTree = "<group>"; };
		7304FCDE2ABF987800A14DA6 /* ContentView.swift */ = {isa = PBXFileReference; lastKnownFileType = sourcecode.swift; path = ContentView.swift; sourceTree = "<group>"; };
		7304FCE02ABF987B00A14DA6 /* Assets.xcassets */ = {isa = PBXFileReference; lastKnownFileType = folder.assetcatalog; path = Assets.xcassets; sourceTree = "<group>"; };
		7304FCE32ABF987B00A14DA6 /* Preview Assets.xcassets */ = {isa = PBXFileReference; lastKnownFileType = folder.assetcatalog; path = "Preview Assets.xcassets"; sourceTree = "<group>"; };
		7304FDD42ABF996F00A14DA6 /* Helper.swift */ = {isa = PBXFileReference; fileEncoding = 4; lastKnownFileType = sourcecode.swift; path = Helper.swift; sourceTree = "<group>"; };
		7304FDD62ABF997800A14DA6 /* Menu.swift */ = {isa = PBXFileReference; fileEncoding = 4; lastKnownFileType = sourcecode.swift; path = Menu.swift; sourceTree = "<group>"; };
		7304FDD82ABF998100A14DA6 /* Order.swift */ = {isa = PBXFileReference; fileEncoding = 4; lastKnownFileType = sourcecode.swift; path = Order.swift; sourceTree = "<group>"; };
		7304FDDA2ABF99A900A14DA6 /* menu.json */ = {isa = PBXFileReference; fileEncoding = 4; lastKnownFileType = text.json; path = menu.json; sourceTree = "<group>"; };
		733337E42ACB8E0300BFE3E8 /* MainView.swift */ = {isa = PBXFileReference; lastKnownFileType = sourcecode.swift; path = MainView.swift; sourceTree = "<group>"; };
/* End PBXFileReference section */

/* Begin PBXFrameworksBuildPhase section */
		7304FCD62ABF987800A14DA6 /* Frameworks */ = {
			isa = PBXFrameworksBuildPhase;
			buildActionMask = 2147483647;
			files = (
			);
			runOnlyForDeploymentPostprocessing = 0;
		};
/* End PBXFrameworksBuildPhase section */

/* Begin PBXGroup section */
		7304FCD02ABF987800A14DA6 = {
			isa = PBXGroup;
			children = (
				7304FCDB2ABF987800A14DA6 /* iDane */,
				7304FCDA2ABF987800A14DA6 /* Products */,
			);
			sourceTree = "<group>";
		};
		7304FCDA2ABF987800A14DA6 /* Products */ = {
			isa = PBXGroup;
			children = (
				7304FCD92ABF987800A14DA6 /* iDane.app */,
			);
			name = Products;
			sourceTree = "<group>";
		};
		7304FCDB2ABF987800A14DA6 /* iDane */ = {
			isa = PBXGroup;
			children = (
				7304FCDC2ABF987800A14DA6 /* iDaneApp.swift */,
				7304FDD82ABF998100A14DA6 /* Order.swift */,
				7304FDD62ABF997800A14DA6 /* Menu.swift */,
				7304FDDA2ABF99A900A14DA6 /* menu.json */,
				7304FDD42ABF996F00A14DA6 /* Helper.swift */,
				7304FCDE2ABF987800A14DA6 /* ContentView.swift */,
				7304FCE02ABF987B00A14DA6 /* Assets.xcassets */,
				7304FCE22ABF987B00A14DA6 /* Preview Content */,
				5A08BE902AC29AFD00E63FC2 /* ItemRow.swift */,
				5A4D09782AC3E4090061336F /* ItemDetail.swift */,
				5ADF8B6E2AC7FF3C0049D281 /* OrderView.swift */,
				733337E42ACB8E0300BFE3E8 /* MainView.swift */,
			);
			path = iDane;
			sourceTree = "<group>";
		};
		7304FCE22ABF987B00A14DA6 /* Preview Content */ = {
			isa = PBXGroup;
			children = (
				7304FCE32ABF987B00A14DA6 /* Preview Assets.xcassets */,
			);
			path = "Preview Content";
			sourceTree = "<group>";
		};
/* End PBXGroup section */

/* Begin PBXNativeTarget section */
		7304FCD82ABF987800A14DA6 /* iDane */ = {
			isa = PBXNativeTarget;
			buildConfigurationList = 7304FCE72ABF987B00A14DA6 /* Build configuration list for PBXNativeTarget "iDane" */;
			buildPhases = (
				7304FCD52ABF987800A14DA6 /* Sources */,
				7304FCD62ABF987800A14DA6 /* Frameworks */,
				7304FCD72ABF987800A14DA6 /* Resources */,
			);
			buildRules = (
			);
			dependencies = (
			);
			name = iDane;
			productName = iDane;
			productReference = 7304FCD92ABF987800A14DA6 /* iDane.app */;
			productType = "com.apple.product-type.application";
		};
/* End PBXNativeTarget section */

/* Begin PBXProject section */
		7304FCD12ABF987800A14DA6 /* Project object */ = {
			isa = PBXProject;
			attributes = {
				BuildIndependentTargetsInParallel = 1;
				LastSwiftUpdateCheck = 1430;
				LastUpgradeCheck = 1430;
				TargetAttributes = {
					7304FCD82ABF987800A14DA6 = {
						CreatedOnToolsVersion = 14.3.1;
					};
				};
			};
			buildConfigurationList = 7304FCD42ABF987800A14DA6 /* Build configuration list for PBXProject "iDane" */;
			compatibilityVersion = "Xcode 14.0";
			developmentRegion = en;
			hasScannedForEncodings = 0;
			knownRegions = (
				en,
				Base,
			);
			mainGroup = 7304FCD02ABF987800A14DA6;
			productRefGroup = 7304FCDA2ABF987800A14DA6 /* Products */;
			projectDirPath = "";
			projectRoot = "";
			targets = (
				7304FCD82ABF987800A14DA6 /* iDane */,
			);
		};
/* End PBXProject section */

/* Begin PBXResourcesBuildPhase section */
		7304FCD72ABF987800A14DA6 /* Resources */ = {
			isa = PBXResourcesBuildPhase;
			buildActionMask = 2147483647;
			files = (
				7304FDDB2ABF99A900A14DA6 /* menu.json in Resources */,
				7304FCE42ABF987B00A14DA6 /* Preview Assets.xcassets in Resources */,
				7304FCE12ABF987B00A14DA6 /* Assets.xcassets in Resources */,
			);
			runOnlyForDeploymentPostprocessing = 0;
		};
/* End PBXResourcesBuildPhase section */

/* Begin PBXSourcesBuildPhase section */
		7304FCD52ABF987800A14DA6 /* Sources */ = {
			isa = PBXSourcesBuildPhase;
			buildActionMask = 2147483647;
			files = (
				5A4D09792AC3E4090061336F /* ItemDetail.swift in Sources */,
				733337E52ACB8E0300BFE3E8 /* MainView.swift in Sources */,
				5ADF8B6F2AC7FF3C0049D281 /* OrderView.swift in Sources */,
				7304FCDF2ABF987800A14DA6 /* ContentView.swift in Sources */,
				7304FCDD2ABF987800A14DA6 /* iDaneApp.swift in Sources */,
				7304FDD92ABF998100A14DA6 /* Order.swift in Sources */,
				5A08BE912AC29AFD00E63FC2 /* ItemRow.swift in Sources */,
				7304FDD72ABF997800A14DA6 /* Menu.swift in Sources */,
				7304FDD52ABF996F00A14DA6 /* Helper.swift in Sources */,
			);
			runOnlyForDeploymentPostprocessing = 0;
		};
/* End PBXSourcesBuildPhase section */

/* Begin XCBuildConfiguration section */
		7304FCE52ABF987B00A14DA6 /* Debug */ = {
			isa = XCBuildConfiguration;
			buildSettings = {
				ALWAYS_SEARCH_USER_PATHS = NO;
				CLANG_ANALYZER_NONNULL = YES;
				CLANG_ANALYZER_NUMBER_OBJECT_CONVERSION = YES_AGGRESSIVE;
				CLANG_CXX_LANGUAGE_STANDARD = "gnu++20";
				CLANG_ENABLE_MODULES = YES;
				CLANG_ENABLE_OBJC_ARC = YES;
				CLANG_ENABLE_OBJC_WEAK = YES;
				CLANG_WARN_BLOCK_CAPTURE_AUTORELEASING = YES;
				CLANG_WARN_BOOL_CONVERSION = YES;
				CLANG_WARN_COMMA = YES;
				CLANG_WARN_CONSTANT_CONVERSION = YES;
				CLANG_WARN_DEPRECATED_OBJC_IMPLEMENTATIONS = YES;
				CLANG_WARN_DIRECT_OBJC_ISA_USAGE = YES_ERROR;
				CLANG_WARN_DOCUMENTATION_COMMENTS = YES;
				CLANG_WARN_EMPTY_BODY = YES;
				CLANG_WARN_ENUM_CONVERSION = YES;
				CLANG_WARN_INFINITE_RECURSION = YES;
				CLANG_WARN_INT_CONVERSION = YES;
				CLANG_WARN_NON_LITERAL_NULL_CONVERSION = YES;
				CLANG_WARN_OBJC_IMPLICIT_RETAIN_SELF = YES;
				CLANG_WARN_OBJC_LITERAL_CONVERSION = YES;
				CLANG_WARN_OBJC_ROOT_CLASS = YES_ERROR;
				CLANG_WARN_QUOTED_INCLUDE_IN_FRAMEWORK_HEADER = YES;
				CLANG_WARN_RANGE_LOOP_ANALYSIS = YES;
				CLANG_WARN_STRICT_PROTOTYPES = YES;
				CLANG_WARN_SUSPICIOUS_MOVE = YES;
				CLANG_WARN_UNGUARDED_AVAILABILITY = YES_AGGRESSIVE;
				CLANG_WARN_UNREACHABLE_CODE = YES;
				CLANG_WARN__DUPLICATE_METHOD_MATCH = YES;
				COPY_PHASE_STRIP = NO;
				DEBUG_INFORMATION_FORMAT = dwarf;
				ENABLE_STRICT_OBJC_MSGSEND = YES;
				ENABLE_TESTABILITY = YES;
				GCC_C_LANGUAGE_STANDARD = gnu11;
				GCC_DYNAMIC_NO_PIC = NO;
				GCC_NO_COMMON_BLOCKS = YES;
				GCC_OPTIMIZATION_LEVEL = 0;
				GCC_PREPROCESSOR_DEFINITIONS = (
					"DEBUG=1",
					"$(inherited)",
				);
				GCC_WARN_64_TO_32_BIT_CONVERSION = YES;
				GCC_WARN_ABOUT_RETURN_TYPE = YES_ERROR;
				GCC_WARN_UNDECLARED_SELECTOR = YES;
				GCC_WARN_UNINITIALIZED_AUTOS = YES_AGGRESSIVE;
				GCC_WARN_UNUSED_FUNCTION = YES;
				GCC_WARN_UNUSED_VARIABLE = YES;
				IPHONEOS_DEPLOYMENT_TARGET = 16.4;
				MTL_ENABLE_DEBUG_INFO = INCLUDE_SOURCE;
				MTL_FAST_MATH = YES;
				ONLY_ACTIVE_ARCH = YES;
				SDKROOT = iphoneos;
				SWIFT_ACTIVE_COMPILATION_CONDITIONS = DEBUG;
				SWIFT_OPTIMIZATION_LEVEL = "-Onone";
			};
			name = Debug;
		};
		7304FCE62ABF987B00A14DA6 /* Release */ = {
			isa = XCBuildConfiguration;
			buildSettings = {
				ALWAYS_SEARCH_USER_PATHS = NO;
				CLANG_ANALYZER_NONNULL = YES;
				CLANG_ANALYZER_NUMBER_OBJECT_CONVERSION = YES_AGGRESSIVE;
				CLANG_CXX_LANGUAGE_STANDARD = "gnu++20";
				CLANG_ENABLE_MODULES = YES;
				CLANG_ENABLE_OBJC_ARC = YES;
				CLANG_ENABLE_OBJC_WEAK = YES;
				CLANG_WARN_BLOCK_CAPTURE_AUTORELEASING = YES;
				CLANG_WARN_BOOL_CONVERSION = YES;
				CLANG_WARN_COMMA = YES;
				CLANG_WARN_CONSTANT_CONVERSION = YES;
				CLANG_WARN_DEPRECATED_OBJC_IMPLEMENTATIONS = YES;
				CLANG_WARN_DIRECT_OBJC_ISA_USAGE = YES_ERROR;
				CLANG_WARN_DOCUMENTATION_COMMENTS = YES;
				CLANG_WARN_EMPTY_BODY = YES;
				CLANG_WARN_ENUM_CONVERSION = YES;
				CLANG_WARN_INFINITE_RECURSION = YES;
				CLANG_WARN_INT_CONVERSION = YES;
				CLANG_WARN_NON_LITERAL_NULL_CONVERSION = YES;
				CLANG_WARN_OBJC_IMPLICIT_RETAIN_SELF = YES;
				CLANG_WARN_OBJC_LITERAL_CONVERSION = YES;
				CLANG_WARN_OBJC_ROOT_CLASS = YES_ERROR;
				CLANG_WARN_QUOTED_INCLUDE_IN_FRAMEWORK_HEADER = YES;
				CLANG_WARN_RANGE_LOOP_ANALYSIS = YES;
				CLANG_WARN_STRICT_PROTOTYPES = YES;
				CLANG_WARN_SUSPICIOUS_MOVE = YES;
				CLANG_WARN_UNGUARDED_AVAILABILITY = YES_AGGRESSIVE;
				CLANG_WARN_UNREACHABLE_CODE = YES;
				CLANG_WARN__DUPLICATE_METHOD_MATCH = YES;
				COPY_PHASE_STRIP = NO;
				DEBUG_INFORMATION_FORMAT = "dwarf-with-dsym";
				ENABLE_NS_ASSERTIONS = NO;
				ENABLE_STRICT_OBJC_MSGSEND = YES;
				GCC_C_LANGUAGE_STANDARD = gnu11;
				GCC_NO_COMMON_BLOCKS = YES;
				GCC_WARN_64_TO_32_BIT_CONVERSION = YES;
				GCC_WARN_ABOUT_RETURN_TYPE = YES_ERROR;
				GCC_WARN_UNDECLARED_SELECTOR = YES;
				GCC_WARN_UNINITIALIZED_AUTOS = YES_AGGRESSIVE;
				GCC_WARN_UNUSED_FUNCTION = YES;
				GCC_WARN_UNUSED_VARIABLE = YES;
				IPHONEOS_DEPLOYMENT_TARGET = 16.4;
				MTL_ENABLE_DEBUG_INFO = NO;
				MTL_FAST_MATH = YES;
				SDKROOT = iphoneos;
				SWIFT_COMPILATION_MODE = wholemodule;
				SWIFT_OPTIMIZATION_LEVEL = "-O";
				VALIDATE_PRODUCT = YES;
			};
			name = Release;
		};
		7304FCE82ABF987B00A14DA6 /* Debug */ = {
			isa = XCBuildConfiguration;
			buildSettings = {
				ASSETCATALOG_COMPILER_APPICON_NAME = AppIcon;
				ASSETCATALOG_COMPILER_GLOBAL_ACCENT_COLOR_NAME = AccentColor;
				CODE_SIGN_STYLE = Automatic;
				CURRENT_PROJECT_VERSION = 1;
				DEVELOPMENT_ASSET_PATHS = "\"iDane/Preview Content\"";
				ENABLE_PREVIEWS = YES;
				GENERATE_INFOPLIST_FILE = YES;
				INFOPLIST_KEY_UIApplicationSceneManifest_Generation = YES;
				INFOPLIST_KEY_UIApplicationSupportsIndirectInputEvents = YES;
				INFOPLIST_KEY_UILaunchScreen_Generation = YES;
				INFOPLIST_KEY_UISupportedInterfaceOrientations_iPad = "UIInterfaceOrientationPortrait UIInterfaceOrientationPortraitUpsideDown UIInterfaceOrientationLandscapeLeft UIInterfaceOrientationLandscapeRight";
				INFOPLIST_KEY_UISupportedInterfaceOrientations_iPhone = "UIInterfaceOrientationPortrait UIInterfaceOrientationLandscapeLeft UIInterfaceOrientationLandscapeRight";
				LD_RUNPATH_SEARCH_PATHS = (
					"$(inherited)",
					"@executable_path/Frameworks",
				);
				MARKETING_VERSION = 1.0;
				PRODUCT_BUNDLE_IDENTIFIER = com.hacker01.Savelink.iDane;
				PRODUCT_NAME = "$(TARGET_NAME)";
				SWIFT_EMIT_LOC_STRINGS = YES;
				SWIFT_VERSION = 5.0;
				TARGETED_DEVICE_FAMILY = "1,2";
			};
			name = Debug;
		};
		7304FCE92ABF987B00A14DA6 /* Release */ = {
			isa = XCBuildConfiguration;
			buildSettings = {
				ASSETCATALOG_COMPILER_APPICON_NAME = AppIcon;
				ASSETCATALOG_COMPILER_GLOBAL_ACCENT_COLOR_NAME = AccentColor;
				CODE_SIGN_STYLE = Automatic;
				CURRENT_PROJECT_VERSION = 1;
				DEVELOPMENT_ASSET_PATHS = "\"iDane/Preview Content\"";
				ENABLE_PREVIEWS = YES;
				GENERATE_INFOPLIST_FILE = YES;
				INFOPLIST_KEY_UIApplicationSceneManifest_Generation = YES;
				INFOPLIST_KEY_UIApplicationSupportsIndirectInputEvents = YES;
				INFOPLIST_KEY_UILaunchScreen_Generation = YES;
				INFOPLIST_KEY_UISupportedInterfaceOrientations_iPad = "UIInterfaceOrientationPortrait UIInterfaceOrientationPortraitUpsideDown UIInterfaceOrientationLandscapeLeft UIInterfaceOrientationLandscapeRight";
				INFOPLIST_KEY_UISupportedInterfaceOrientations_iPhone = "UIInterfaceOrientationPortrait UIInterfaceOrientationLandscapeLeft UIInterfaceOrientationLandscapeRight";
				LD_RUNPATH_SEARCH_PATHS = (
					"$(inherited)",
					"@executable_path/Frameworks",
				);
				MARKETING_VERSION = 1.0;
				PRODUCT_BUNDLE_IDENTIFIER = com.hacker01.Savelink.iDane;
				PRODUCT_NAME = "$(TARGET_NAME)";
				SWIFT_EMIT_LOC_STRINGS = YES;
				SWIFT_VERSION = 5.0;
				TARGETED_DEVICE_FAMILY = "1,2";
			};
			name = Release;
		};
/* End XCBuildConfiguration section */

/* Begin XCConfigurationList section */
		7304FCD42ABF987800A14DA6 /* Build configuration list for PBXProject "iDane" */ = {
			isa = XCConfigurationList;
			buildConfigurations = (
				7304FCE52ABF987B00A14DA6 /* Debug */,
				7304FCE62ABF987B00A14DA6 /* Release */,
			);
			defaultConfigurationIsVisible = 0;
			defaultConfigurationName = Release;
		};
		7304FCE72ABF987B00A14DA6 /* Build configuration list for PBXNativeTarget "iDane" */ = {
			isa = XCConfigurationList;
			buildConfigurations = (
				7304FCE82ABF987B00A14DA6 /* Debug */,
				7304FCE92ABF987B00A14DA6 /* Release */,
			);
			defaultConfigurationIsVisible = 0;
			defaultConfigurationName = Release;
		};
/* End XCConfigurationList section */
	};
	rootObject = 7304FCD12ABF987800A14DA6 /* Project object */;
}
